
Microsoft Visual Studio Solution File, Format Version 12.00
# Visual Studio Version 16
VisualStudioVersion = 16.0.31624.102
MinimumVisualStudioVersion = 10.0.40219.1
Project("{FAE04EC0-301F-11D3-BF4B-00C04F79EFBC}") = "Emp_Wage_Multiple_Wage", "Emp_Wage_Multiple_Wage\Emp_Wage_Multiple_Wage.csproj", "{76A624FD-647F-4943-A5EC-5B235024F38B}"
EndProject
Global
	GlobalSection(SolutionConfigurationPlatforms) = preSolution
		Debug|Any CPU = Debug|Any CPU
		Release|Any CPU = Release|Any CPU
	EndGlobalSection
	GlobalSection(ProjectConfigurationPlatforms) = postSolution
		{76A624FD-647F-4943-A5EC-5B235024F38B}.Debug|Any CPU.ActiveCfg = Debug|Any CPU
		{76A624FD-647F-4943-A5EC-5B235024F38B}.Debug|Any CPU.Build.0 = Debug|Any CPU
		{76A624FD-647F-4943-A5EC-5B235024F38B}.Release|Any CPU.ActiveCfg = Release|Any CPU
		{76A624FD-647F-4943-A5EC-5B235024F38B}.Release|Any CPU.Build.0 = Release|Any CPU
	EndGlobalSection
	GlobalSection(SolutionProperties) = preSolution
		HideSolutionNode = FALSE
	EndGlobalSection
	GlobalSection(ExtensibilityGlobals) = postSolution
		SolutionGuid = {AF393110-9C7D-4FE1-BD40-F973829C2660}
	EndGlobalSection
EndGlobal
